
Microsoft Visual Studio Solution File, Format Version 12.00
# Visual Studio Version 17
VisualStudioVersion = 17.4.33110.190
MinimumVisualStudioVersion = 10.0.40219.1
Project("{FAE04EC0-301F-11D3-BF4B-00C04F79EFBC}") = "Snake-Ladder", "Snake-Ladder\Snake-Ladder.csproj", "{EA2C8F43-4762-4E48-BA5C-2B4EF3CFE200}"
EndProject
Global
	GlobalSection(SolutionConfigurationPlatforms) = preSolution
		Debug|Any CPU = Debug|Any CPU
		Release|Any CPU = Release|Any CPU
	EndGlobalSection
	GlobalSection(ProjectConfigurationPlatforms) = postSolution
		{EA2C8F43-4762-4E48-BA5C-2B4EF3CFE200}.Debug|Any CPU.ActiveCfg = Debug|Any CPU
		{EA2C8F43-4762-4E48-BA5C-2B4EF3CFE200}.Debug|Any CPU.Build.0 = Debug|Any CPU
		{EA2C8F43-4762-4E48-BA5C-2B4EF3CFE200}.Release|Any CPU.ActiveCfg = Release|Any CPU
		{EA2C8F43-4762-4E48-BA5C-2B4EF3CFE200}.Release|Any CPU.Build.0 = Release|Any CPU
	EndGlobalSection
	GlobalSection(SolutionProperties) = preSolution
		HideSolutionNode = FALSE
	EndGlobalSection
	GlobalSection(ExtensibilityGlobals) = postSolution
		SolutionGuid = {4F9E34F8-AB0C-40C2-9DD4-B9BFF3951BBC}
	EndGlobalSection
EndGlobal
